# This file is autogenerated, do not edit; changes may be undone by the next 'dep ensure'.


[[projects]]
  branch = "master"
  digest = "1:35d5beac0147ff038e1bddec62de4630d8be50c359a3868eb90d08dd475ba4d0"
  name = "github.com/Bowery/prompt"
  packages = ["."]
  pruneopts = ""
  revision = "753711fea478fa77bb2c83f6ec244b814d4a8bad"

[[projects]]
  digest = "1:87934c50980aaa16ba09c782bbc28617d2d319d89c8d06899c4e9453623912f7"
  name = "github.com/Sirupsen/logrus"
  packages = ["."]
  pruneopts = ""
  revision = "881bee4e20a5d11a6a88a5667c6f292072ac1963"

[[projects]]
  digest = "1:3f4949f6700df5a73e4130dd8b6b83b02f070a2b287f597643a1746ec9f48f2a"
  name = "github.com/biogo/biogo"
  packages = [
    "alphabet",
    "feat",
    "io/featio",
    "io/featio/gff",
    "io/seqio",
    "io/seqio/fasta",
    "seq",
    "seq/linear",
  ]
  pruneopts = ""
  revision = "0f3e6a0d86d287fc9b1fdcbce89d730264f50024"
  version = "v1.0.1"

[[projects]]
  digest = "1:ce2ef24b4efa3f0444bc7c6b623a32dbacbb8e72245cbed31bbaf5eea8c71341"
  name = "github.com/biogo/hts"
  packages = [
    "bam",
    "bgzf",
    "bgzf/index",
    "internal",
    "sam",
  ]
  pruneopts = ""
  revision = "319a3a2e4e1c92600d37561287b8c74d6d82f016"

[[projects]]
  branch = "master"
  digest = "1:87821874d4bfcaf007d7c425347be34743ed6cef542f6d548db25bd02d920777"
  name = "github.com/dhconnelly/rtreego"
  packages = ["."]
  pruneopts = ""
  revision = "3fb2815d35b271e8c46328dbd6ca22f548ceb6dc"

[[projects]]
  digest = "1:870d441fe217b8e689d7949fef6e43efbc787e50f200cb1e70dbca9204a1d6be"
  name = "github.com/inconshreveable/mousetrap"
  packages = ["."]
  pruneopts = ""
  revision = "76626ae9c91c4f2a10f34cad8ce83ea42c93bb75"
  version = "v1.0"

[[projects]]
  digest = "1:8b892c6273cbc58834d83016abbc942bfec885b01e1a26db0955d7bec885f628"
  name = "github.com/labstack/gommon"
  packages = ["color"]
  pruneopts = ""
  revision = "57409ada9da0f2afad6664c49502f8c50fbd8476"
  version = "0.2.3"

[[projects]]
  digest = "1:9ea83adf8e96d6304f394d40436f2eb44c1dc3250d223b74088cc253a6cd0a1c"
  name = "github.com/mattn/go-colorable"
  packages = ["."]
  pruneopts = ""
  revision = "167de6bfdfba052fa6b2d3664c8f5272e23c9072"
  version = "v0.0.9"

[[projects]]
  digest = "1:78229b46ddb7434f881390029bd1af7661294af31f6802e0e1bedaad4ab0af3c"
  name = "github.com/mattn/go-isatty"
  packages = ["."]
  pruneopts = ""
  revision = "0360b2af4f38e8d38c7fce2a9f4e702702d73a39"
  version = "v0.0.3"

[[projects]]
  digest = "1:84fd57ac63d8ceb81454c252c68eb4f14a87549695db96aa6afc4d2a774d5d06"
  name = "github.com/mkideal/cli"
  packages = ["."]
  pruneopts = ""
  revision = "0bc4738ef26827a45d3b50394d84d283f733ad63"
  version = "v0.0.1"

[[projects]]
  branch = "master"
  digest = "1:21fc0a1af08de07ba95c51b67737303ab3a58994a8e5e2b52cd18e9c84269338"
  name = "github.com/mkideal/pkg"
  packages = [
    "debug",
    "expr",
  ]
  pruneopts = ""
  revision = "3e188c9e7ecc83d0fe7040a9161ce3c67885470d"

[[projects]]
  digest = "1:a1403cc8a94b8d7956ee5e9694badef0e7b051af289caad1cf668331e3ffa4f6"
  name = "github.com/spf13/cobra"
  packages = ["."]
  pruneopts = ""
  revision = "ef82de70bb3f60c65fb8eebacbb2d122ef517385"
  version = "v0.0.3"

[[projects]]
  digest = "1:cbaf13cdbfef0e4734ed8a7504f57fe893d471d62a35b982bf6fb3f036449a66"
  name = "github.com/spf13/pflag"
  packages = ["."]
  pruneopts = ""
  revision = "298182f68c66c05229eb03ac171abe6e309ee79a"
  version = "v1.0.3"

[[projects]]
  digest = "1:e85837cb04b78f61688c6eba93ea9d14f60d611e2aaf8319999b1a60d2dafbfa"
  name = "github.com/urfave/cli"
  packages = ["."]
  pruneopts = ""
  revision = "cfb38830724cc34fedffe9a2a29fb54fa9169cd1"
  version = "v1.20.0"

[[projects]]
  digest = "1:d8f3b8ed714f2ec40d0cc9d4c2182841e2ba22c4fe65d8e5db82305619b711ce"
  name = "golang.org/x/sys"
  packages = ["unix"]
  pruneopts = ""
  revision = "f64b50fbea64174967a8882830d621a18ee1548e"

[solve-meta]
  analyzer-name = "dep"
  analyzer-version = 1
  input-imports = [
    "github.com/Sirupsen/logrus",
    "github.com/biogo/biogo/feat",
    "github.com/biogo/biogo/io/featio/gff",
    "github.com/biogo/hts/bam",
    "github.com/biogo/hts/bgzf",
    "github.com/biogo/hts/sam",
    "github.com/dhconnelly/rtreego",
    "github.com/mkideal/cli",
    "github.com/spf13/cobra",
    "github.com/urfave/cli",
  ]
  solver-name = "gps-cdcl"
  solver-version = 1
