# This file is autogenerated, do not edit; changes may be undone by the next 'dep ensure'.


[[projects]]
  branch = "master"
  name = "github.com/Bowery/prompt"
  packages = ["."]
  revision = "753711fea478fa77bb2c83f6ec244b814d4a8bad"

[[projects]]
  name = "github.com/Sirupsen/logrus"
  packages = ["."]
  revision = "881bee4e20a5d11a6a88a5667c6f292072ac1963"

[[projects]]
  name = "github.com/biogo/biogo"
  packages = [
    "alphabet",
    "feat",
    "io/featio",
    "io/featio/gff",
    "io/seqio",
    "io/seqio/fasta",
    "seq",
    "seq/linear"
  ]
  revision = "0f3e6a0d86d287fc9b1fdcbce89d730264f50024"
  version = "v1.0.1"

[[projects]]
  name = "github.com/biogo/hts"
  packages = [
    "bam",
    "bgzf",
    "bgzf/index",
    "internal",
    "sam"
  ]
  revision = "319a3a2e4e1c92600d37561287b8c74d6d82f016"

[[projects]]
  branch = "master"
  name = "github.com/dhconnelly/rtreego"
  packages = ["."]
  revision = "3fb2815d35b271e8c46328dbd6ca22f548ceb6dc"

[[projects]]
  name = "github.com/inconshreveable/mousetrap"
  packages = ["."]
  revision = "76626ae9c91c4f2a10f34cad8ce83ea42c93bb75"
  version = "v1.0"

[[projects]]
  name = "github.com/labstack/gommon"
  packages = ["color"]
  revision = "57409ada9da0f2afad6664c49502f8c50fbd8476"
  version = "0.2.3"

[[projects]]
  name = "github.com/mattn/go-colorable"
  packages = ["."]
  revision = "167de6bfdfba052fa6b2d3664c8f5272e23c9072"
  version = "v0.0.9"

[[projects]]
  name = "github.com/mattn/go-isatty"
  packages = ["."]
  revision = "0360b2af4f38e8d38c7fce2a9f4e702702d73a39"
  version = "v0.0.3"

[[projects]]
  name = "github.com/mkideal/cli"
  packages = ["."]
  revision = "0bc4738ef26827a45d3b50394d84d283f733ad63"
  version = "v0.0.1"

[[projects]]
  branch = "master"
  name = "github.com/mkideal/pkg"
  packages = [
    "debug",
    "expr"
  ]
  revision = "3e188c9e7ecc83d0fe7040a9161ce3c67885470d"

[[projects]]
  name = "github.com/spf13/cobra"
  packages = ["."]
  revision = "7b2c5ac9fc04fc5efafb60700713d4fa609b777b"
  version = "v0.0.1"

[[projects]]
  name = "github.com/spf13/pflag"
  packages = ["."]
  revision = "e57e3eeb33f795204c1ca35f56c44f83227c6e66"
  version = "v1.0.0"

[[projects]]
  name = "github.com/urfave/cli"
  packages = ["."]
  revision = "cfb38830724cc34fedffe9a2a29fb54fa9169cd1"
  version = "v1.20.0"

[[projects]]
  name = "golang.org/x/sys"
  packages = ["unix"]
  revision = "f64b50fbea64174967a8882830d621a18ee1548e"

[solve-meta]
  analyzer-name = "dep"
  analyzer-version = 1
  inputs-digest = "a1ef9e32a46127dd0dc8aeb03883ebe8ac1183d723a91a90c773db21e5403a06"
  solver-name = "gps-cdcl"
  solver-version = 1
